
Microsoft Visual Studio Solution File, Format Version 12.00
# Visual Studio 15
VisualStudioVersion = 15.0.27130.2027
MinimumVisualStudioVersion = 10.0.40219.1
Project("{8BC9CEB8-8B4A-11D0-8D11-00A0C91BC942}") = "zpl", "zpl.vcxproj", "{4DEC9DFF-8BBD-4236-AD90-A1F475EC65E2}"
EndProject
Global
	GlobalSection(SolutionConfigurationPlatforms) = preSolution
		Debug|x64 = Debug|x64
		Debug|x86 = Debug|x86
		Release|x64 = Release|x64
		Release|x86 = Release|x86
	EndGlobalSection
	GlobalSection(ProjectConfigurationPlatforms) = postSolution
		{4DEC9DFF-8BBD-4236-AD90-A1F475EC65E2}.Debug|x64.ActiveCfg = Debug|x64
		{4DEC9DFF-8BBD-4236-AD90-A1F475EC65E2}.Debug|x64.Build.0 = Debug|x64
		{4DEC9DFF-8BBD-4236-AD90-A1F475EC65E2}.Debug|x86.ActiveCfg = Debug|Win32
		{4DEC9DFF-8BBD-4236-AD90-A1F475EC65E2}.Debug|x86.Build.0 = Debug|Win32
		{4DEC9DFF-8BBD-4236-AD90-A1F475EC65E2}.Release|x64.ActiveCfg = Release|x64
		{4DEC9DFF-8BBD-4236-AD90-A1F475EC65E2}.Release|x64.Build.0 = Release|x64
		{4DEC9DFF-8BBD-4236-AD90-A1F475EC65E2}.Release|x86.ActiveCfg = Release|Win32
		{4DEC9DFF-8BBD-4236-AD90-A1F475EC65E2}.Release|x86.Build.0 = Release|Win32
	EndGlobalSection
	GlobalSection(SolutionProperties) = preSolution
		HideSolutionNode = FALSE
	EndGlobalSection
	GlobalSection(ExtensibilityGlobals) = postSolution
		SolutionGuid = {72BF3501-AEF5-408C-9064-08C6C565248C}
	EndGlobalSection
EndGlobal
